// !$*UTF8*$!
{
	archiveVersion = 1;
	classes = {
	};
	objectVersion = 56;
	objects = {

/* Begin PBXBuildFile section */
		4996F2D12990BA0A00EE2606 /* Assets.xcassets in Resources */ = {isa = PBXBuildFile; fileRef = 4996F2D02990BA0A00EE2606 /* Assets.xcassets */; };
		4996F2D72990BA0B00EE2606 /* Bantr MessagesExtension.appex in Embed Foundation Extensions */ = {isa = PBXBuildFile; fileRef = 4996F2D62990BA0B00EE2606 /* Bantr MessagesExtension.appex */; settings = {ATTRIBUTES = (RemoveHeadersOnCopy, ); }; };
		4996F2DC2990BA0B00EE2606 /* Messages.framework in Frameworks */ = {isa = PBXBuildFile; fileRef = 4996F2DB2990BA0B00EE2606 /* Messages.framework */; };
		4996F2DF2990BA0B00EE2606 /* MessagesViewController.swift in Sources */ = {isa = PBXBuildFile; fileRef = 4996F2DE2990BA0B00EE2606 /* MessagesViewController.swift */; };
		4996F2E22990BA0B00EE2606 /* MainInterface.storyboard in Resources */ = {isa = PBXBuildFile; fileRef = 4996F2E02990BA0B00EE2606 /* MainInterface.storyboard */; };
		4996F2E42990BA0C00EE2606 /* Assets.xcassets in Resources */ = {isa = PBXBuildFile; fileRef = 4996F2E32990BA0C00EE2606 /* Assets.xcassets */; };
/* End PBXBuildFile section */

/* Begin PBXContainerItemProxy section */
		4996F2D82990BA0B00EE2606 /* PBXContainerItemProxy */ = {
			isa = PBXContainerItemProxy;
			containerPortal = 4996F2C72990BA0800EE2606 /* Project object */;
			proxyType = 1;
			remoteGlobalIDString = 4996F2D52990BA0B00EE2606;
			remoteInfo = "Bantr MessagesExtension";
		};
/* End PBXContainerItemProxy section */

/* Begin PBXCopyFilesBuildPhase section */
		4996F2EB2990BA0C00EE2606 /* Embed Foundation Extensions */ = {
			isa = PBXCopyFilesBuildPhase;
			buildActionMask = 2147483647;
			dstPath = "";
			dstSubfolderSpec = 13;
			files = (
				4996F2D72990BA0B00EE2606 /* Bantr MessagesExtension.appex in Embed Foundation Extensions */,
			);
			name = "Embed Foundation Extensions";
			runOnlyForDeploymentPostprocessing = 0;
		};
/* End PBXCopyFilesBuildPhase section */

/* Begin PBXFileReference section */
		4996F2CD2990BA0800EE2606 /* Bantr.app */ = {isa = PBXFileReference; explicitFileType = wrapper.application; includeInIndex = 0; path = Bantr.app; sourceTree = BUILT_PRODUCTS_DIR; };
		4996F2D02990BA0A00EE2606 /* Assets.xcassets */ = {isa = PBXFileReference; lastKnownFileType = folder.assetcatalog; path = Assets.xcassets; sourceTree = "<group>"; };
		4996F2D62990BA0B00EE2606 /* Bantr MessagesExtension.appex */ = {isa = PBXFileReference; explicitFileType = "wrapper.app-extension"; includeInIndex = 0; path = "Bantr MessagesExtension.appex"; sourceTree = BUILT_PRODUCTS_DIR; };
		4996F2DB2990BA0B00EE2606 /* Messages.framework */ = {isa = PBXFileReference; lastKnownFileType = wrapper.framework; name = Messages.framework; path = System/Library/Frameworks/Messages.framework; sourceTree = SDKROOT; };
		4996F2DE2990BA0B00EE2606 /* MessagesViewController.swift */ = {isa = PBXFileReference; lastKnownFileType = sourcecode.swift; path = MessagesViewController.swift; sourceTree = "<group>"; };
		4996F2E12990BA0B00EE2606 /* Base */ = {isa = PBXFileReference; lastKnownFileType = file.storyboard; name = Base; path = Base.lproj/MainInterface.storyboard; sourceTree = "<group>"; };
		4996F2E32990BA0C00EE2606 /* Assets.xcassets */ = {isa = PBXFileReference; lastKnownFileType = folder.assetcatalog; path = Assets.xcassets; sourceTree = "<group>"; };
		4996F2E52990BA0C00EE2606 /* Info.plist */ = {isa = PBXFileReference; lastKnownFileType = text.plist.xml; path = Info.plist; sourceTree = "<group>"; };
/* End PBXFileReference section */

/* Begin PBXFrameworksBuildPhase section */
		4996F2D32990BA0B00EE2606 /* Frameworks */ = {
			isa = PBXFrameworksBuildPhase;
			buildActionMask = 2147483647;
			files = (
				4996F2DC2990BA0B00EE2606 /* Messages.framework in Frameworks */,
			);
			runOnlyForDeploymentPostprocessing = 0;
		};
/* End PBXFrameworksBuildPhase section */

/* Begin PBXGroup section */
		4996F2C62990BA0800EE2606 = {
			isa = PBXGroup;
			children = (
				4996F2CF2990BA0800EE2606 /* Bantr */,
				4996F2DD2990BA0B00EE2606 /* Bantr MessagesExtension */,
				4996F2DA2990BA0B00EE2606 /* Frameworks */,
				4996F2CE2990BA0800EE2606 /* Products */,
			);
			sourceTree = "<group>";
		};
		4996F2CE2990BA0800EE2606 /* Products */ = {
			isa = PBXGroup;
			children = (
				4996F2CD2990BA0800EE2606 /* Bantr.app */,
				4996F2D62990BA0B00EE2606 /* Bantr MessagesExtension.appex */,
			);
			name = Products;
			sourceTree = "<group>";
		};
		4996F2CF2990BA0800EE2606 /* Bantr */ = {
			isa = PBXGroup;
			children = (
				4996F2D02990BA0A00EE2606 /* Assets.xcassets */,
			);
			path = Bantr;
			sourceTree = "<group>";
		};
		4996F2DA2990BA0B00EE2606 /* Frameworks */ = {
			isa = PBXGroup;
			children = (
				4996F2DB2990BA0B00EE2606 /* Messages.framework */,
			);
			name = Frameworks;
			sourceTree = "<group>";
		};
		4996F2DD2990BA0B00EE2606 /* Bantr MessagesExtension */ = {
			isa = PBXGroup;
			children = (
				4996F2DE2990BA0B00EE2606 /* MessagesViewController.swift */,
				4996F2E02990BA0B00EE2606 /* MainInterface.storyboard */,
				4996F2E32990BA0C00EE2606 /* Assets.xcassets */,
				4996F2E52990BA0C00EE2606 /* Info.plist */,
			);
			path = "Bantr MessagesExtension";
			sourceTree = "<group>";
		};
/* End PBXGroup section */

/* Begin PBXNativeTarget section */
		4996F2CC2990BA0800EE2606 /* Bantr */ = {
			isa = PBXNativeTarget;
			buildConfigurationList = 4996F2EC2990BA0C00EE2606 /* Build configuration list for PBXNativeTarget "Bantr" */;
			buildPhases = (
				4996F2CB2990BA0800EE2606 /* Resources */,
				4996F2EB2990BA0C00EE2606 /* Embed Foundation Extensions */,
			);
			buildRules = (
			);
			dependencies = (
				4996F2D92990BA0B00EE2606 /* PBXTargetDependency */,
			);
			name = Bantr;
			productName = Bantr;
			productReference = 4996F2CD2990BA0800EE2606 /* Bantr.app */;
			productType = "com.apple.product-type.application.messages";
		};
		4996F2D52990BA0B00EE2606 /* Bantr MessagesExtension */ = {
			isa = PBXNativeTarget;
			buildConfigurationList = 4996F2E82990BA0C00EE2606 /* Build configuration list for PBXNativeTarget "Bantr MessagesExtension" */;
			buildPhases = (
				4996F2D22990BA0B00EE2606 /* Sources */,
				4996F2D32990BA0B00EE2606 /* Frameworks */,
				4996F2D42990BA0B00EE2606 /* Resources */,
			);
			buildRules = (
			);
			dependencies = (
			);
			name = "Bantr MessagesExtension";
			productName = "Bantr MessagesExtension";
			productReference = 4996F2D62990BA0B00EE2606 /* Bantr MessagesExtension.appex */;
			productType = "com.apple.product-type.app-extension.messages";
		};
/* End PBXNativeTarget section */

/* Begin PBXProject section */
		4996F2C72990BA0800EE2606 /* Project object */ = {
			isa = PBXProject;
			attributes = {
				BuildIndependentTargetsInParallel = 1;
				LastSwiftUpdateCheck = 1420;
				LastUpgradeCheck = 1420;
				TargetAttributes = {
					4996F2CC2990BA0800EE2606 = {
						CreatedOnToolsVersion = 14.2;
					};
					4996F2D52990BA0B00EE2606 = {
						CreatedOnToolsVersion = 14.2;
					};
				};
			};
			buildConfigurationList = 4996F2CA2990BA0800EE2606 /* Build configuration list for PBXProject "Bantr" */;
			compatibilityVersion = "Xcode 14.0";
			developmentRegion = en;
			hasScannedForEncodings = 0;
			knownRegions = (
				en,
				Base,
			);
			mainGroup = 4996F2C62990BA0800EE2606;
			productRefGroup = 4996F2CE2990BA0800EE2606 /* Products */;
			projectDirPath = "";
			projectRoot = "";
			targets = (
				4996F2CC2990BA0800EE2606 /* Bantr */,
				4996F2D52990BA0B00EE2606 /* Bantr MessagesExtension */,
			);
		};
/* End PBXProject section */

/* Begin PBXResourcesBuildPhase section */
		4996F2CB2990BA0800EE2606 /* Resources */ = {
			isa = PBXResourcesBuildPhase;
			buildActionMask = 2147483647;
			files = (
				4996F2D12990BA0A00EE2606 /* Assets.xcassets in Resources */,
			);
			runOnlyForDeploymentPostprocessing = 0;
		};
		4996F2D42990BA0B00EE2606 /* Resources */ = {
			isa = PBXResourcesBuildPhase;
			buildActionMask = 2147483647;
			files = (
				4996F2E42990BA0C00EE2606 /* Assets.xcassets in Resources */,
				4996F2E22990BA0B00EE2606 /* MainInterface.storyboard in Resources */,
			);
			runOnlyForDeploymentPostprocessing = 0;
		};
/* End PBXResourcesBuildPhase section */

/* Begin PBXSourcesBuildPhase section */
		4996F2D22990BA0B00EE2606 /* Sources */ = {
			isa = PBXSourcesBuildPhase;
			buildActionMask = 2147483647;
			files = (
				4996F2DF2990BA0B00EE2606 /* MessagesViewController.swift in Sources */,
			);
			runOnlyForDeploymentPostprocessing = 0;
		};
/* End PBXSourcesBuildPhase section */

/* Begin PBXTargetDependency section */
		4996F2D92990BA0B00EE2606 /* PBXTargetDependency */ = {
			isa = PBXTargetDependency;
			target = 4996F2D52990BA0B00EE2606 /* Bantr MessagesExtension */;
			targetProxy = 4996F2D82990BA0B00EE2606 /* PBXContainerItemProxy */;
		};
/* End PBXTargetDependency section */

/* Begin PBXVariantGroup section */
		4996F2E02990BA0B00EE2606 /* MainInterface.storyboard */ = {
			isa = PBXVariantGroup;
			children = (
				4996F2E12990BA0B00EE2606 /* Base */,
			);
			name = MainInterface.storyboard;
			sourceTree = "<group>";
		};
/* End PBXVariantGroup section */

/* Begin XCBuildConfiguration section */
		4996F2E62990BA0C00EE2606 /* Debug */ = {
			isa = XCBuildConfiguration;
			buildSettings = {
				ALWAYS_SEARCH_USER_PATHS = NO;
				CLANG_ANALYZER_NONNULL = YES;
				CLANG_ANALYZER_NUMBER_OBJECT_CONVERSION = YES_AGGRESSIVE;
				CLANG_CXX_LANGUAGE_STANDARD = "gnu++20";
				CLANG_ENABLE_MODULES = YES;
				CLANG_ENABLE_OBJC_ARC = YES;
				CLANG_ENABLE_OBJC_WEAK = YES;
				CLANG_WARN_BLOCK_CAPTURE_AUTORELEASING = YES;
				CLANG_WARN_BOOL_CONVERSION = YES;
				CLANG_WARN_COMMA = YES;
				CLANG_WARN_CONSTANT_CONVERSION = YES;
				CLANG_WARN_DEPRECATED_OBJC_IMPLEMENTATIONS = YES;
				CLANG_WARN_DIRECT_OBJC_ISA_USAGE = YES_ERROR;
				CLANG_WARN_DOCUMENTATION_COMMENTS = YES;
				CLANG_WARN_EMPTY_BODY = YES;
				CLANG_WARN_ENUM_CONVERSION = YES;
				CLANG_WARN_INFINITE_RECURSION = YES;
				CLANG_WARN_INT_CONVERSION = YES;
				CLANG_WARN_NON_LITERAL_NULL_CONVERSION = YES;
				CLANG_WARN_OBJC_IMPLICIT_RETAIN_SELF = YES;
				CLANG_WARN_OBJC_LITERAL_CONVERSION = YES;
				CLANG_WARN_OBJC_ROOT_CLASS = YES_ERROR;
				CLANG_WARN_QUOTED_INCLUDE_IN_FRAMEWORK_HEADER = YES;
				CLANG_WARN_RANGE_LOOP_ANALYSIS = YES;
				CLANG_WARN_STRICT_PROTOTYPES = YES;
				CLANG_WARN_SUSPICIOUS_MOVE = YES;
				CLANG_WARN_UNGUARDED_AVAILABILITY = YES_AGGRESSIVE;
				CLANG_WARN_UNREACHABLE_CODE = YES;
				CLANG_WARN__DUPLICATE_METHOD_MATCH = YES;
				COPY_PHASE_STRIP = NO;
				DEBUG_INFORMATION_FORMAT = dwarf;
				ENABLE_STRICT_OBJC_MSGSEND = YES;
				ENABLE_TESTABILITY = YES;
				GCC_C_LANGUAGE_STANDARD = gnu11;
				GCC_DYNAMIC_NO_PIC = NO;
				GCC_NO_COMMON_BLOCKS = YES;
				GCC_OPTIMIZATION_LEVEL = 0;
				GCC_PREPROCESSOR_DEFINITIONS = (
					"DEBUG=1",
					"$(inherited)",
				);
				GCC_WARN_64_TO_32_BIT_CONVERSION = YES;
				GCC_WARN_ABOUT_RETURN_TYPE = YES_ERROR;
				GCC_WARN_UNDECLARED_SELECTOR = YES;
				GCC_WARN_UNINITIALIZED_AUTOS = YES_AGGRESSIVE;
				GCC_WARN_UNUSED_FUNCTION = YES;
				GCC_WARN_UNUSED_VARIABLE = YES;
				IPHONEOS_DEPLOYMENT_TARGET = 16.2;
				MTL_ENABLE_DEBUG_INFO = INCLUDE_SOURCE;
				MTL_FAST_MATH = YES;
				ONLY_ACTIVE_ARCH = YES;
				SDKROOT = iphoneos;
				SWIFT_ACTIVE_COMPILATION_CONDITIONS = DEBUG;
				SWIFT_OPTIMIZATION_LEVEL = "-Onone";
			};
			name = Debug;
		};
		4996F2E72990BA0C00EE2606 /* Release */ = {
			isa = XCBuildConfiguration;
			buildSettings = {
				ALWAYS_SEARCH_USER_PATHS = NO;
				CLANG_ANALYZER_NONNULL = YES;
				CLANG_ANALYZER_NUMBER_OBJECT_CONVERSION = YES_AGGRESSIVE;
				CLANG_CXX_LANGUAGE_STANDARD = "gnu++20";
				CLANG_ENABLE_MODULES = YES;
				CLANG_ENABLE_OBJC_ARC = YES;
				CLANG_ENABLE_OBJC_WEAK = YES;
				CLANG_WARN_BLOCK_CAPTURE_AUTORELEASING = YES;
				CLANG_WARN_BOOL_CONVERSION = YES;
				CLANG_WARN_COMMA = YES;
				CLANG_WARN_CONSTANT_CONVERSION = YES;
				CLANG_WARN_DEPRECATED_OBJC_IMPLEMENTATIONS = YES;
				CLANG_WARN_DIRECT_OBJC_ISA_USAGE = YES_ERROR;
				CLANG_WARN_DOCUMENTATION_COMMENTS = YES;
				CLANG_WARN_EMPTY_BODY = YES;
				CLANG_WARN_ENUM_CONVERSION = YES;
				CLANG_WARN_INFINITE_RECURSION = YES;
				CLANG_WARN_INT_CONVERSION = YES;
				CLANG_WARN_NON_LITERAL_NULL_CONVERSION = YES;
				CLANG_WARN_OBJC_IMPLICIT_RETAIN_SELF = YES;
				CLANG_WARN_OBJC_LITERAL_CONVERSION = YES;
				CLANG_WARN_OBJC_ROOT_CLASS = YES_ERROR;
				CLANG_WARN_QUOTED_INCLUDE_IN_FRAMEWORK_HEADER = YES;
				CLANG_WARN_RANGE_LOOP_ANALYSIS = YES;
				CLANG_WARN_STRICT_PROTOTYPES = YES;
				CLANG_WARN_SUSPICIOUS_MOVE = YES;
				CLANG_WARN_UNGUARDED_AVAILABILITY = YES_AGGRESSIVE;
				CLANG_WARN_UNREACHABLE_CODE = YES;
				CLANG_WARN__DUPLICATE_METHOD_MATCH = YES;
				COPY_PHASE_STRIP = NO;
				DEBUG_INFORMATION_FORMAT = "dwarf-with-dsym";
				ENABLE_NS_ASSERTIONS = NO;
				ENABLE_STRICT_OBJC_MSGSEND = YES;
				GCC_C_LANGUAGE_STANDARD = gnu11;
				GCC_NO_COMMON_BLOCKS = YES;
				GCC_WARN_64_TO_32_BIT_CONVERSION = YES;
				GCC_WARN_ABOUT_RETURN_TYPE = YES_ERROR;
				GCC_WARN_UNDECLARED_SELECTOR = YES;
				GCC_WARN_UNINITIALIZED_AUTOS = YES_AGGRESSIVE;
				GCC_WARN_UNUSED_FUNCTION = YES;
				GCC_WARN_UNUSED_VARIABLE = YES;
				IPHONEOS_DEPLOYMENT_TARGET = 16.2;
				MTL_ENABLE_DEBUG_INFO = NO;
				MTL_FAST_MATH = YES;
				SDKROOT = iphoneos;
				SWIFT_COMPILATION_MODE = wholemodule;
				SWIFT_OPTIMIZATION_LEVEL = "-O";
				VALIDATE_PRODUCT = YES;
			};
			name = Release;
		};
		4996F2E92990BA0C00EE2606 /* Debug */ = {
			isa = XCBuildConfiguration;
			buildSettings = {
				ASSETCATALOG_COMPILER_APPICON_NAME = "iMessage App Icon";
				CODE_SIGN_STYLE = Automatic;
				CURRENT_PROJECT_VERSION = 1;
				DEVELOPMENT_TEAM = Q2RE3JATT7;
				GENERATE_INFOPLIST_FILE = YES;
				INFOPLIST_FILE = "Bantr MessagesExtension/Info.plist";
				INFOPLIST_KEY_CFBundleDisplayName = Bantr;
				INFOPLIST_KEY_NSHumanReadableCopyright = "";
				LD_RUNPATH_SEARCH_PATHS = (
					"$(inherited)",
					"@executable_path/Frameworks",
					"@executable_path/../../Frameworks",
				);
				MARKETING_VERSION = 1.0;
				PRODUCT_BUNDLE_IDENTIFIER = app.Bantr.MessagesExtension;
				PRODUCT_NAME = "$(TARGET_NAME)";
				SKIP_INSTALL = YES;
				SWIFT_EMIT_LOC_STRINGS = YES;
				SWIFT_VERSION = 5.0;
				TARGETED_DEVICE_FAMILY = "1,2";
			};
			name = Debug;
		};
		4996F2EA2990BA0C00EE2606 /* Release */ = {
			isa = XCBuildConfiguration;
			buildSettings = {
				ASSETCATALOG_COMPILER_APPICON_NAME = "iMessage App Icon";
				CODE_SIGN_STYLE = Automatic;
				CURRENT_PROJECT_VERSION = 1;
				DEVELOPMENT_TEAM = Q2RE3JATT7;
				GENERATE_INFOPLIST_FILE = YES;
				INFOPLIST_FILE = "Bantr MessagesExtension/Info.plist";
				INFOPLIST_KEY_CFBundleDisplayName = Bantr;
				INFOPLIST_KEY_NSHumanReadableCopyright = "";
				LD_RUNPATH_SEARCH_PATHS = (
					"$(inherited)",
					"@executable_path/Frameworks",
					"@executable_path/../../Frameworks",
				);
				MARKETING_VERSION = 1.0;
				PRODUCT_BUNDLE_IDENTIFIER = app.Bantr.MessagesExtension;
				PRODUCT_NAME = "$(TARGET_NAME)";
				SKIP_INSTALL = YES;
				SWIFT_EMIT_LOC_STRINGS = YES;
				SWIFT_VERSION = 5.0;
				TARGETED_DEVICE_FAMILY = "1,2";
			};
			name = Release;
		};
		4996F2ED2990BA0C00EE2606 /* Debug */ = {
			isa = XCBuildConfiguration;
			buildSettings = {
				ALWAYS_EMBED_SWIFT_STANDARD_LIBRARIES = YES;
				ASSETCATALOG_COMPILER_APPICON_NAME = AppIcon;
				CODE_SIGN_STYLE = Automatic;
				CURRENT_PROJECT_VERSION = 1;
				DEVELOPMENT_TEAM = Q2RE3JATT7;
				GENERATE_INFOPLIST_FILE = YES;
				INFOPLIST_KEY_UILaunchStoryboardName = LaunchScreen;
				INFOPLIST_KEY_UISupportedInterfaceOrientations_iPad = "UIInterfaceOrientationPortrait UIInterfaceOrientationPortraitUpsideDown UIInterfaceOrientationLandscapeLeft UIInterfaceOrientationLandscapeRight";
				INFOPLIST_KEY_UISupportedInterfaceOrientations_iPhone = "UIInterfaceOrientationPortrait UIInterfaceOrientationLandscapeLeft UIInterfaceOrientationLandscapeRight";
				MARKETING_VERSION = 1.0;
				PRODUCT_BUNDLE_IDENTIFIER = app.Bantr;
				PRODUCT_NAME = "$(TARGET_NAME)";
				SWIFT_EMIT_LOC_STRINGS = YES;
				SWIFT_VERSION = 5.0;
				TARGETED_DEVICE_FAMILY = "1,2";
			};
			name = Debug;
		};
		4996F2EE2990BA0C00EE2606 /* Release */ = {
			isa = XCBuildConfiguration;
			buildSettings = {
				ALWAYS_EMBED_SWIFT_STANDARD_LIBRARIES = YES;
				ASSETCATALOG_COMPILER_APPICON_NAME = AppIcon;
				CODE_SIGN_STYLE = Automatic;
				CURRENT_PROJECT_VERSION = 1;
				DEVELOPMENT_TEAM = Q2RE3JATT7;
				GENERATE_INFOPLIST_FILE = YES;
				INFOPLIST_KEY_UILaunchStoryboardName = LaunchScreen;
				INFOPLIST_KEY_UISupportedInterfaceOrientations_iPad = "UIInterfaceOrientationPortrait UIInterfaceOrientationPortraitUpsideDown UIInterfaceOrientationLandscapeLeft UIInterfaceOrientationLandscapeRight";
				INFOPLIST_KEY_UISupportedInterfaceOrientations_iPhone = "UIInterfaceOrientationPortrait UIInterfaceOrientationLandscapeLeft UIInterfaceOrientationLandscapeRight";
				MARKETING_VERSION = 1.0;
				PRODUCT_BUNDLE_IDENTIFIER = app.Bantr;
				PRODUCT_NAME = "$(TARGET_NAME)";
				SWIFT_EMIT_LOC_STRINGS = YES;
				SWIFT_VERSION = 5.0;
				TARGETED_DEVICE_FAMILY = "1,2";
			};
			name = Release;
		};
/* End XCBuildConfiguration section */

/* Begin XCConfigurationList section */
		4996F2CA2990BA0800EE2606 /* Build configuration list for PBXProject "Bantr" */ = {
			isa = XCConfigurationList;
			buildConfigurations = (
				4996F2E62990BA0C00EE2606 /* Debug */,
				4996F2E72990BA0C00EE2606 /* Release */,
			);
			defaultConfigurationIsVisible = 0;
			defaultConfigurationName = Release;
		};
		4996F2E82990BA0C00EE2606 /* Build configuration list for PBXNativeTarget "Bantr MessagesExtension" */ = {
			isa = XCConfigurationList;
			buildConfigurations = (
				4996F2E92990BA0C00EE2606 /* Debug */,
				4996F2EA2990BA0C00EE2606 /* Release */,
			);
			defaultConfigurationIsVisible = 0;
			defaultConfigurationName = Release;
		};
		4996F2EC2990BA0C00EE2606 /* Build configuration list for PBXNativeTarget "Bantr" */ = {
			isa = XCConfigurationList;
			buildConfigurations = (
				4996F2ED2990BA0C00EE2606 /* Debug */,
				4996F2EE2990BA0C00EE2606 /* Release */,
			);
			defaultConfigurationIsVisible = 0;
			defaultConfigurationName = Release;
		};
/* End XCConfigurationList section */
	};
	rootObject = 4996F2C72990BA0800EE2606 /* Project object */;
}
